
Microsoft Visual Studio Solution File, Format Version 12.00
# Visual Studio Version 17
VisualStudioVersion = 17.6.33829.357
MinimumVisualStudioVersion = 10.0.40219.1
Project("{9A19103F-16F7-4668-BE54-9A1E7A4F7556}") = "BlazorApp1.Server", "BlazorApp1\Server\BlazorApp1.Server.csproj", "{87983566-BA8D-469C-B809-38DE105D5EF1}"
EndProject
Project("{9A19103F-16F7-4668-BE54-9A1E7A4F7556}") = "BlazorApp1.Client", "BlazorApp1\Client\BlazorApp1.Client.csproj", "{3D2DC3A5-78A5-4711-BC57-4537527EF127}"
EndProject
Project("{9A19103F-16F7-4668-BE54-9A1E7A4F7556}") = "BlazorApp1.Shared", "BlazorApp1\Shared\BlazorApp1.Shared.csproj", "{910A4217-4155-4095-8AE3-E57A39288176}"
EndProject
Project("{54435603-DBB4-11D2-8724-00A0C9A8B90C}") = "DCMSCAM", "DCMSCAM\DCMSCAM.vdproj", "{5BC3D699-DE94-4017-811B-4959054E1909}"
EndProject
Global
	GlobalSection(SolutionConfigurationPlatforms) = preSolution
		Debug|Any CPU = Debug|Any CPU
		Release|Any CPU = Release|Any CPU
	EndGlobalSection
	GlobalSection(ProjectConfigurationPlatforms) = postSolution
		{87983566-BA8D-469C-B809-38DE105D5EF1}.Debug|Any CPU.ActiveCfg = Debug|Any CPU
		{87983566-BA8D-469C-B809-38DE105D5EF1}.Debug|Any CPU.Build.0 = Debug|Any CPU
		{87983566-BA8D-469C-B809-38DE105D5EF1}.Release|Any CPU.ActiveCfg = Release|Any CPU
		{87983566-BA8D-469C-B809-38DE105D5EF1}.Release|Any CPU.Build.0 = Release|Any CPU
		{3D2DC3A5-78A5-4711-BC57-4537527EF127}.Debug|Any CPU.ActiveCfg = Debug|Any CPU
		{3D2DC3A5-78A5-4711-BC57-4537527EF127}.Debug|Any CPU.Build.0 = Debug|Any CPU
		{3D2DC3A5-78A5-4711-BC57-4537527EF127}.Release|Any CPU.ActiveCfg = Release|Any CPU
		{3D2DC3A5-78A5-4711-BC57-4537527EF127}.Release|Any CPU.Build.0 = Release|Any CPU
		{910A4217-4155-4095-8AE3-E57A39288176}.Debug|Any CPU.ActiveCfg = Debug|Any CPU
		{910A4217-4155-4095-8AE3-E57A39288176}.Debug|Any CPU.Build.0 = Debug|Any CPU
		{910A4217-4155-4095-8AE3-E57A39288176}.Release|Any CPU.ActiveCfg = Release|Any CPU
		{910A4217-4155-4095-8AE3-E57A39288176}.Release|Any CPU.Build.0 = Release|Any CPU
		{5BC3D699-DE94-4017-811B-4959054E1909}.Debug|Any CPU.ActiveCfg = Debug
		{5BC3D699-DE94-4017-811B-4959054E1909}.Release|Any CPU.ActiveCfg = Release
	EndGlobalSection
	GlobalSection(SolutionProperties) = preSolution
		HideSolutionNode = FALSE
	EndGlobalSection
	GlobalSection(ExtensibilityGlobals) = postSolution
		SolutionGuid = {E9B60156-18D0-428C-AADC-8F983F9B8B9A}
	EndGlobalSection
EndGlobal
